// !$*UTF8*$!
{
	archiveVersion = 1;
	classes = {
	};
	objectVersion = 46;
	objects = {

/* Begin PBXBuildFile section */
		2A0828BC1CF8930400E5CD36 /* LaunchScreen.storyboard in Resources */ = {isa = PBXBuildFile; fileRef = 2A60F0831CF892090060F53D /* LaunchScreen.storyboard */; };
		2A0828C81CF8A77900E5CD36 /* APCScreenCollectionViewCell.swift in Sources */ = {isa = PBXBuildFile; fileRef = 2A0828C41CF8A77900E5CD36 /* APCScreenCollectionViewCell.swift */; };
		2A0828C91CF8A77900E5CD36 /* APCScreenCollectionViewCell.xib in Resources */ = {isa = PBXBuildFile; fileRef = 2A0828C51CF8A77900E5CD36 /* APCScreenCollectionViewCell.xib */; };
		2A0828CA1CF8A77900E5CD36 /* APCScreenListViewController.swift in Sources */ = {isa = PBXBuildFile; fileRef = 2A0828C61CF8A77900E5CD36 /* APCScreenListViewController.swift */; };
		2A0828CD1CF8A95000E5CD36 /* APCScreen.swift in Sources */ = {isa = PBXBuildFile; fileRef = 2A0828CC1CF8A95000E5CD36 /* APCScreen.swift */; };
		2A0828CF1CF8AA1100E5CD36 /* APCScreenList.swift in Sources */ = {isa = PBXBuildFile; fileRef = 2A0828CE1CF8AA1100E5CD36 /* APCScreenList.swift */; };
		2A0828D11CF8C20000E5CD36 /* Main.storyboard in Resources */ = {isa = PBXBuildFile; fileRef = 2A0828D01CF8C20000E5CD36 /* Main.storyboard */; };
		2A0F96301CFA1DDF002E70E6 /* APCButton.swift in Sources */ = {isa = PBXBuildFile; fileRef = 2A0F962F1CFA1DDF002E70E6 /* APCButton.swift */; };
		2A0F96351CFA1EFE002E70E6 /* APCInterfaceObjectList.swift in Sources */ = {isa = PBXBuildFile; fileRef = 2A0F96341CFA1EFE002E70E6 /* APCInterfaceObjectList.swift */; };
		2A0FC8CD1D21EAAF005E96F0 /* APCKeyedUnarchiver.swift in Sources */ = {isa = PBXBuildFile; fileRef = 2A0FC8CC1D21EAAF005E96F0 /* APCKeyedUnarchiver.swift */; };
		2A0FC8CF1D21EAD7005E96F0 /* APCKeyedArchiver.swift in Sources */ = {isa = PBXBuildFile; fileRef = 2A0FC8CE1D21EAD7005E96F0 /* APCKeyedArchiver.swift */; };
		2A0FC8D01D21EBBD005E96F0 /* APCKeyedUnarchiver.swift in Sources */ = {isa = PBXBuildFile; fileRef = 2A0FC8CC1D21EAAF005E96F0 /* APCKeyedUnarchiver.swift */; };
		2A0FC8D51D221268005E96F0 /* ExtensionDelegate.swift in Sources */ = {isa = PBXBuildFile; fileRef = 2A0FC8D21D221268005E96F0 /* ExtensionDelegate.swift */; };
		2A0FC8D71D221268005E96F0 /* PushNotificationPayload.apns in Resources */ = {isa = PBXBuildFile; fileRef = 2A0FC8D41D221268005E96F0 /* PushNotificationPayload.apns */; };
		2A0FC8E01D221282005E96F0 /* APCButtonTableRowController.swift in Sources */ = {isa = PBXBuildFile; fileRef = 2A0FC8D91D221282005E96F0 /* APCButtonTableRowController.swift */; };
		2A0FC8E11D221282005E96F0 /* APCButtonTableRowControllerDelegate.swift in Sources */ = {isa = PBXBuildFile; fileRef = 2A0FC8DA1D221282005E96F0 /* APCButtonTableRowControllerDelegate.swift */; };
		2A0FC8E21D221282005E96F0 /* APCImageTableRowController.swift in Sources */ = {isa = PBXBuildFile; fileRef = 2A0FC8DB1D221282005E96F0 /* APCImageTableRowController.swift */; };
		2A0FC8E31D221282005E96F0 /* APCLabelTableRowController.swift in Sources */ = {isa = PBXBuildFile; fileRef = 2A0FC8DC1D221282005E96F0 /* APCLabelTableRowController.swift */; };
		2A0FC8E41D221282005E96F0 /* APCNotificationController.swift in Sources */ = {isa = PBXBuildFile; fileRef = 2A0FC8DD1D221282005E96F0 /* APCNotificationController.swift */; };
		2A0FC8E51D221282005E96F0 /* APCTableRowController.swift in Sources */ = {isa = PBXBuildFile; fileRef = 2A0FC8DE1D221282005E96F0 /* APCTableRowController.swift */; };
		2A0FC8E61D221282005E96F0 /* APCTemplateInterfaceController.swift in Sources */ = {isa = PBXBuildFile; fileRef = 2A0FC8DF1D221282005E96F0 /* APCTemplateInterfaceController.swift */; };
		2A0FC8E91D2212A7005E96F0 /* Assets.xcassets in Resources */ = {isa = PBXBuildFile; fileRef = 2A0FC8E81D2212A7005E96F0 /* Assets.xcassets */; };
		2A28CFAE1D03B26800F98720 /* UITextField+TrimText.swift in Sources */ = {isa = PBXBuildFile; fileRef = 2A28CFAD1D03B26800F98720 /* UITextField+TrimText.swift */; };
		2A30960E1CFB60D9006F7768 /* APCInterfaceObjectList.swift in Sources */ = {isa = PBXBuildFile; fileRef = 2A0F96341CFA1EFE002E70E6 /* APCInterfaceObjectList.swift */; };
		2A30960F1CFB60DD006F7768 /* APCScreen.swift in Sources */ = {isa = PBXBuildFile; fileRef = 2A0828CC1CF8A95000E5CD36 /* APCScreen.swift */; };
		2A3096111CFB9248006F7768 /* APCLabel.swift in Sources */ = {isa = PBXBuildFile; fileRef = 2A3096101CFB9248006F7768 /* APCLabel.swift */; };
		2A3096151CFB9268006F7768 /* APCImage.swift in Sources */ = {isa = PBXBuildFile; fileRef = 2A3096141CFB9268006F7768 /* APCImage.swift */; };
		2A52391E1CFCB09500A6A7BC /* APCImage.swift in Sources */ = {isa = PBXBuildFile; fileRef = 2A3096141CFB9268006F7768 /* APCImage.swift */; };
		2A52391F1CFCB09800A6A7BC /* APCLabel.swift in Sources */ = {isa = PBXBuildFile; fileRef = 2A3096101CFB9248006F7768 /* APCLabel.swift */; };
		2A5239261CFD01DC00A6A7BC /* APCSession.swift in Sources */ = {isa = PBXBuildFile; fileRef = 2A5239251CFD01DC00A6A7BC /* APCSession.swift */; };
		2A60F07D1CF891AC0060F53D /* AppDelegate.swift in Sources */ = {isa = PBXBuildFile; fileRef = 2A60F07B1CF891AC0060F53D /* AppDelegate.swift */; };
		2A72A7C21D050A3B00878A7D /* APCLabelCollectionViewCellDelegate.swift in Sources */ = {isa = PBXBuildFile; fileRef = 2A72A7C11D050A3B00878A7D /* APCLabelCollectionViewCellDelegate.swift */; };
		2A72A7C41D050AC500878A7D /* APCImageCollectionViewCellDelegate.swift in Sources */ = {isa = PBXBuildFile; fileRef = 2A72A7C31D050AC500878A7D /* APCImageCollectionViewCellDelegate.swift */; };
		2A7F2D241CF7B13500CB06F5 /* AppCreator WatchKit App.app in Embed Watch Content */ = {isa = PBXBuildFile; fileRef = 2A7F2D231CF7B13500CB06F5 /* AppCreator WatchKit App.app */; };
		2A7F2D2A1CF7B13500CB06F5 /* Interface.storyboard in Resources */ = {isa = PBXBuildFile; fileRef = 2A7F2D281CF7B13500CB06F5 /* Interface.storyboard */; };
		2A7F2D2C1CF7B13500CB06F5 /* Assets.xcassets in Resources */ = {isa = PBXBuildFile; fileRef = 2A7F2D2B1CF7B13500CB06F5 /* Assets.xcassets */; };
		2A7F2D331CF7B13500CB06F5 /* AppCreator WatchKit Extension.appex in Embed App Extensions */ = {isa = PBXBuildFile; fileRef = 2A7F2D321CF7B13500CB06F5 /* AppCreator WatchKit Extension.appex */; settings = {ATTRIBUTES = (RemoveHeadersOnCopy, ); }; };
		2A8A91BA1D00AB5F00913962 /* APCButtonCollectionViewCell.swift in Sources */ = {isa = PBXBuildFile; fileRef = 2A8A91B31D00AB5F00913962 /* APCButtonCollectionViewCell.swift */; };
		2A8A91BB1D00AB5F00913962 /* APCButtonCollectionViewCell.xib in Resources */ = {isa = PBXBuildFile; fileRef = 2A8A91B41D00AB5F00913962 /* APCButtonCollectionViewCell.xib */; };
		2A8A91BC1D00AB5F00913962 /* APCImageCollectionViewCell.swift in Sources */ = {isa = PBXBuildFile; fileRef = 2A8A91B51D00AB5F00913962 /* APCImageCollectionViewCell.swift */; };
		2A8A91BD1D00AB5F00913962 /* APCImageCollectionViewCell.xib in Resources */ = {isa = PBXBuildFile; fileRef = 2A8A91B61D00AB5F00913962 /* APCImageCollectionViewCell.xib */; };
		2A8A91BE1D00AB5F00913962 /* APCInterfaceObjectListViewController.swift in Sources */ = {isa = PBXBuildFile; fileRef = 2A8A91B71D00AB5F00913962 /* APCInterfaceObjectListViewController.swift */; };
		2A8A91BF1D00AB5F00913962 /* APCLabelCollectionViewCell.swift in Sources */ = {isa = PBXBuildFile; fileRef = 2A8A91B81D00AB5F00913962 /* APCLabelCollectionViewCell.swift */; };
		2A8A91C01D00AB5F00913962 /* APCLabelCollectionViewCell.xib in Resources */ = {isa = PBXBuildFile; fileRef = 2A8A91B91D00AB5F00913962 /* APCLabelCollectionViewCell.xib */; };
		2A8A91C81D00AB6A00913962 /* APCButtonViewController.swift in Sources */ = {isa = PBXBuildFile; fileRef = 2A8A91C11D00AB6A00913962 /* APCButtonViewController.swift */; };
		2A8A91C91D00AB6A00913962 /* APCButtonViewController.xib in Resources */ = {isa = PBXBuildFile; fileRef = 2A8A91C21D00AB6A00913962 /* APCButtonViewController.xib */; };
		2A8A91CA1D00AB6A00913962 /* APCImageViewController.swift in Sources */ = {isa = PBXBuildFile; fileRef = 2A8A91C31D00AB6A00913962 /* APCImageViewController.swift */; };
		2A8A91CB1D00AB6A00913962 /* APCImageViewController.xib in Resources */ = {isa = PBXBuildFile; fileRef = 2A8A91C41D00AB6A00913962 /* APCImageViewController.xib */; };
		2A8A91CC1D00AB6A00913962 /* APCLabelViewController.swift in Sources */ = {isa = PBXBuildFile; fileRef = 2A8A91C51D00AB6A00913962 /* APCLabelViewController.swift */; };
		2A8A91CD1D00AB6A00913962 /* APCLabelViewController.xib in Resources */ = {isa = PBXBuildFile; fileRef = 2A8A91C61D00AB6A00913962 /* APCLabelViewController.xib */; };
		2A8A91CE1D00AB6A00913962 /* APCInterfaceObjectsViewController.swift in Sources */ = {isa = PBXBuildFile; fileRef = 2A8A91C71D00AB6A00913962 /* APCInterfaceObjectsViewController.swift */; };
		2A8C4B521D047E4D000C6DF7 /* UITextView+TrimText.swift in Sources */ = {isa = PBXBuildFile; fileRef = 2A8C4B511D047E4D000C6DF7 /* UITextView+TrimText.swift */; };
		2A8DF17A1CFE223B00273853 /* APCWatchAppAction.swift in Sources */ = {isa = PBXBuildFile; fileRef = 2A8DF1791CFE223B00273853 /* APCWatchAppAction.swift */; };
		2A8DF17B1CFE223B00273853 /* APCWatchAppAction.swift in Sources */ = {isa = PBXBuildFile; fileRef = 2A8DF1791CFE223B00273853 /* APCWatchAppAction.swift */; };
		2A8DF1951CFE497C00273853 /* APCScreenViewController.swift in Sources */ = {isa = PBXBuildFile; fileRef = 2A8DF1941CFE497C00273853 /* APCScreenViewController.swift */; };
		2A8DF1971CFE510400273853 /* APCButtonViewControllerDelegate.swift in Sources */ = {isa = PBXBuildFile; fileRef = 2A8DF1961CFE510400273853 /* APCButtonViewControllerDelegate.swift */; };
		2A8DF19B1CFF1FFD00273853 /* APCImageViewControllerDelegate.swift in Sources */ = {isa = PBXBuildFile; fileRef = 2A8DF19A1CFF1FFD00273853 /* APCImageViewControllerDelegate.swift */; };
		2A8DF19D1CFF201700273853 /* APCLabelViewControllerDelegate.swift in Sources */ = {isa = PBXBuildFile; fileRef = 2A8DF19C1CFF201700273853 /* APCLabelViewControllerDelegate.swift */; };
		2A8DF1AB1CFF75DB00273853 /* Assets.xcassets in Resources */ = {isa = PBXBuildFile; fileRef = 2A60F07F1CF891BA0060F53D /* Assets.xcassets */; };
		2AB711151D05EFFB00EB3A7F /* APCScreenList.swift in Sources */ = {isa = PBXBuildFile; fileRef = 2A0828CE1CF8AA1100E5CD36 /* APCScreenList.swift */; };
		2AB7112E1D077E9800EB3A7F /* APCScreenListStyle.swift in Sources */ = {isa = PBXBuildFile; fileRef = 2AB711271D077E9800EB3A7F /* APCScreenListStyle.swift */; };
		2AB7112F1D077E9800EB3A7F /* APCScreenListCellStyle.swift in Sources */ = {isa = PBXBuildFile; fileRef = 2AB711281D077E9800EB3A7F /* APCScreenListCellStyle.swift */; };
		2AB711301D077E9800EB3A7F /* APCLabelViewStyle.swift in Sources */ = {isa = PBXBuildFile; fileRef = 2AB711291D077E9800EB3A7F /* APCLabelViewStyle.swift */; };
		2AB711311D077E9800EB3A7F /* APCLabelCellStyle.swift in Sources */ = {isa = PBXBuildFile; fileRef = 2AB7112A1D077E9800EB3A7F /* APCLabelCellStyle.swift */; };
		2AB711321D077E9800EB3A7F /* APCInterfaceObjectListStyle.swift in Sources */ = {isa = PBXBuildFile; fileRef = 2AB7112B1D077E9800EB3A7F /* APCInterfaceObjectListStyle.swift */; };
		2AB711331D077E9800EB3A7F /* APCImageCellStyle.swift in Sources */ = {isa = PBXBuildFile; fileRef = 2AB7112C1D077E9800EB3A7F /* APCImageCellStyle.swift */; };
		2AB711341D077E9800EB3A7F /* APCButtonCellStyle.swift in Sources */ = {isa = PBXBuildFile; fileRef = 2AB7112D1D077E9800EB3A7F /* APCButtonCellStyle.swift */; };
		2AB711381D077F4000EB3A7F /* APCCommonStyles.swift in Sources */ = {isa = PBXBuildFile; fileRef = 2AB711371D077F4000EB3A7F /* APCCommonStyles.swift */; };
		2AD3AF011D1F16FF00DA8BE6 /* APCMoveDirection.swift in Sources */ = {isa = PBXBuildFile; fileRef = 2AD3AF001D1F16FF00DA8BE6 /* APCMoveDirection.swift */; };
		2AE801391D025D8900D3C0EC /* UICollectionViewCell+AnimateSize.swift in Sources */ = {isa = PBXBuildFile; fileRef = 2AE801381D025D8900D3C0EC /* UICollectionViewCell+AnimateSize.swift */; };
		2AEB26A11CFA759700B02B2C /* APCButton.swift in Sources */ = {isa = PBXBuildFile; fileRef = 2A0F962F1CFA1DDF002E70E6 /* APCButton.swift */; };
		2AF67D5C1CFBC633002888DD /* APCInterfaceObject.swift in Sources */ = {isa = PBXBuildFile; fileRef = 2AF67D5B1CFBC633002888DD /* APCInterfaceObject.swift */; };
		2AF67D5D1CFBC6D1002888DD /* APCInterfaceObject.swift in Sources */ = {isa = PBXBuildFile; fileRef = 2AF67D5B1CFBC633002888DD /* APCInterfaceObject.swift */; };
		2AFD402B1D203E9400D8E37A /* UIImage+Resize.swift in Sources */ = {isa = PBXBuildFile; fileRef = 2AFD402A1D203E9400D8E37A /* UIImage+Resize.swift */; };
		2AFD402D1D204FDE00D8E37A /* APCConstants.swift in Sources */ = {isa = PBXBuildFile; fileRef = 2AFD402C1D204FDE00D8E37A /* APCConstants.swift */; };
		2AFD402F1D20525700D8E37A /* APCCollectionViewFlowLayout.swift in Sources */ = {isa = PBXBuildFile; fileRef = 2AFD402E1D20525700D8E37A /* APCCollectionViewFlowLayout.swift */; };
		2AFD40311D20832800D8E37A /* APCInterfaceObjectViewIndex.swift in Sources */ = {isa = PBXBuildFile; fileRef = 2AFD40301D20832800D8E37A /* APCInterfaceObjectViewIndex.swift */; };
		2AFD40321D2097BA00D8E37A /* APCConstants.swift in Sources */ = {isa = PBXBuildFile; fileRef = 2AFD402C1D204FDE00D8E37A /* APCConstants.swift */; };
/* End PBXBuildFile section */

/* Begin PBXContainerItemProxy section */
		2A7F2D251CF7B13500CB06F5 /* PBXContainerItemProxy */ = {
			isa = PBXContainerItemProxy;
			containerPortal = 2A7F2D091CF7B13500CB06F5 /* Project object */;
			proxyType = 1;
			remoteGlobalIDString = 2A7F2D221CF7B13500CB06F5;
			remoteInfo = "AppCreator WatchKit App";
		};
		2A7F2D341CF7B13500CB06F5 /* PBXContainerItemProxy */ = {
			isa = PBXContainerItemProxy;
			containerPortal = 2A7F2D091CF7B13500CB06F5 /* Project object */;
			proxyType = 1;
			remoteGlobalIDString = 2A7F2D311CF7B13500CB06F5;
			remoteInfo = "AppCreator WatchKit Extension";
		};
/* End PBXContainerItemProxy section */

/* Begin PBXCopyFilesBuildPhase section */
		2A7F2D471CF7B13500CB06F5 /* Embed App Extensions */ = {
			isa = PBXCopyFilesBuildPhase;
			buildActionMask = 2147483647;
			dstPath = "";
			dstSubfolderSpec = 13;
			files = (
				2A7F2D331CF7B13500CB06F5 /* AppCreator WatchKit Extension.appex in Embed App Extensions */,
			);
			name = "Embed App Extensions";
			runOnlyForDeploymentPostprocessing = 0;
		};
		2A7F2D4B1CF7B13500CB06F5 /* Embed Watch Content */ = {
			isa = PBXCopyFilesBuildPhase;
			buildActionMask = 2147483647;
			dstPath = "$(CONTENTS_FOLDER_PATH)/Watch";
			dstSubfolderSpec = 16;
			files = (
				2A7F2D241CF7B13500CB06F5 /* AppCreator WatchKit App.app in Embed Watch Content */,
			);
			name = "Embed Watch Content";
			runOnlyForDeploymentPostprocessing = 0;
		};
/* End PBXCopyFilesBuildPhase section */

/* Begin PBXFileReference section */
		2A0828C41CF8A77900E5CD36 /* APCScreenCollectionViewCell.swift */ = {isa = PBXFileReference; fileEncoding = 4; lastKnownFileType = sourcecode.swift; name = APCScreenCollectionViewCell.swift; path = Views/ScreenListViewController/APCScreenCollectionViewCell.swift; sourceTree = "<group>"; };
		2A0828C51CF8A77900E5CD36 /* APCScreenCollectionViewCell.xib */ = {isa = PBXFileReference; fileEncoding = 4; lastKnownFileType = file.xib; name = APCScreenCollectionViewCell.xib; path = Views/ScreenListViewController/APCScreenCollectionViewCell.xib; sourceTree = "<group>"; };
		2A0828C61CF8A77900E5CD36 /* APCScreenListViewController.swift */ = {isa = PBXFileReference; fileEncoding = 4; lastKnownFileType = sourcecode.swift; name = APCScreenListViewController.swift; path = Views/ScreenListViewController/APCScreenListViewController.swift; sourceTree = "<group>"; };
		2A0828CC1CF8A95000E5CD36 /* APCScreen.swift */ = {isa = PBXFileReference; fileEncoding = 4; lastKnownFileType = sourcecode.swift; name = APCScreen.swift; path = Model/APCScreen.swift; sourceTree = "<group>"; };
		2A0828CE1CF8AA1100E5CD36 /* APCScreenList.swift */ = {isa = PBXFileReference; fileEncoding = 4; lastKnownFileType = sourcecode.swift; name = APCScreenList.swift; path = Model/APCScreenList.swift; sourceTree = "<group>"; };
		2A0828D01CF8C20000E5CD36 /* Main.storyboard */ = {isa = PBXFileReference; fileEncoding = 4; lastKnownFileType = file.storyboard; name = Main.storyboard; path = Views/Main.storyboard; sourceTree = "<group>"; };
		2A0828D51CF8CB9000E5CD36 /* ScratchPad.playground */ = {isa = PBXFileReference; lastKnownFileType = file.playground; path = ScratchPad.playground; sourceTree = SOURCE_ROOT; };
		2A0F962F1CFA1DDF002E70E6 /* APCButton.swift */ = {isa = PBXFileReference; fileEncoding = 4; lastKnownFileType = sourcecode.swift; name = APCButton.swift; path = Model/APCButton.swift; sourceTree = "<group>"; };
		2A0F96341CFA1EFE002E70E6 /* APCInterfaceObjectList.swift */ = {isa = PBXFileReference; fileEncoding = 4; lastKnownFileType = sourcecode.swift; name = APCInterfaceObjectList.swift; path = Model/APCInterfaceObjectList.swift; sourceTree = "<group>"; };
		2A0FC8CC1D21EAAF005E96F0 /* APCKeyedUnarchiver.swift */ = {isa = PBXFileReference; fileEncoding = 4; lastKnownFileType = sourcecode.swift; name = APCKeyedUnarchiver.swift; path = Library/APCKeyedUnarchiver.swift; sourceTree = "<group>"; };
		2A0FC8CE1D21EAD7005E96F0 /* APCKeyedArchiver.swift */ = {isa = PBXFileReference; fileEncoding = 4; lastKnownFileType = sourcecode.swift; name = APCKeyedArchiver.swift; path = Library/APCKeyedArchiver.swift; sourceTree = "<group>"; };
		2A0FC8D21D221268005E96F0 /* ExtensionDelegate.swift */ = {isa = PBXFileReference; fileEncoding = 4; lastKnownFileType = sourcecode.swift; name = ExtensionDelegate.swift; path = Application/ExtensionDelegate.swift; sourceTree = "<group>"; };
		2A0FC8D31D221268005E96F0 /* Info.plist */ = {isa = PBXFileReference; fileEncoding = 4; lastKnownFileType = text.plist.xml; name = Info.plist; path = Application/Info.plist; sourceTree = "<group>"; };
		2A0FC8D41D221268005E96F0 /* PushNotificationPayload.apns */ = {isa = PBXFileReference; fileEncoding = 4; lastKnownFileType = text; name = PushNotificationPayload.apns; path = Application/PushNotificationPayload.apns; sourceTree = "<group>"; };
		2A0FC8D91D221282005E96F0 /* APCButtonTableRowController.swift */ = {isa = PBXFileReference; fileEncoding = 4; lastKnownFileType = sourcecode.swift; name = APCButtonTableRowController.swift; path = Views/APCButtonTableRowController.swift; sourceTree = "<group>"; };
		2A0FC8DA1D221282005E96F0 /* APCButtonTableRowControllerDelegate.swift */ = {isa = PBXFileReference; fileEncoding = 4; lastKnownFileType = sourcecode.swift; name = APCButtonTableRowControllerDelegate.swift; path = Views/APCButtonTableRowControllerDelegate.swift; sourceTree = "<group>"; };
		2A0FC8DB1D221282005E96F0 /* APCImageTableRowController.swift */ = {isa = PBXFileReference; fileEncoding = 4; lastKnownFileType = sourcecode.swift; name = APCImageTableRowController.swift; path = Views/APCImageTableRowController.swift; sourceTree = "<group>"; };
		2A0FC8DC1D221282005E96F0 /* APCLabelTableRowController.swift */ = {isa = PBXFileReference; fileEncoding = 4; lastKnownFileType = sourcecode.swift; name = APCLabelTableRowController.swift; path = Views/APCLabelTableRowController.swift; sourceTree = "<group>"; };
		2A0FC8DD1D221282005E96F0 /* APCNotificationController.swift */ = {isa = PBXFileReference; fileEncoding = 4; lastKnownFileType = sourcecode.swift; name = APCNotificationController.swift; path = Views/APCNotificationController.swift; sourceTree = "<group>"; };
		2A0FC8DE1D221282005E96F0 /* APCTableRowController.swift */ = {isa = PBXFileReference; fileEncoding = 4; lastKnownFileType = sourcecode.swift; name = APCTableRowController.swift; path = Views/APCTableRowController.swift; sourceTree = "<group>"; };
		2A0FC8DF1D221282005E96F0 /* APCTemplateInterfaceController.swift */ = {isa = PBXFileReference; fileEncoding = 4; lastKnownFileType = sourcecode.swift; name = APCTemplateInterfaceController.swift; path = Views/APCTemplateInterfaceController.swift; sourceTree = "<group>"; };
		2A0FC8E81D2212A7005E96F0 /* Assets.xcassets */ = {isa = PBXFileReference; lastKnownFileType = folder.assetcatalog; name = Assets.xcassets; path = Assets/Assets.xcassets; sourceTree = "<group>"; };
		2A28CFAD1D03B26800F98720 /* UITextField+TrimText.swift */ = {isa = PBXFileReference; fileEncoding = 4; lastKnownFileType = sourcecode.swift; name = "UITextField+TrimText.swift"; path = "Library/Extensions/UITextField+TrimText.swift"; sourceTree = "<group>"; };
		2A3096101CFB9248006F7768 /* APCLabel.swift */ = {isa = PBXFileReference; fileEncoding = 4; lastKnownFileType = sourcecode.swift; name = APCLabel.swift; path = Model/APCLabel.swift; sourceTree = "<group>"; };
		2A3096141CFB9268006F7768 /* APCImage.swift */ = {isa = PBXFileReference; fileEncoding = 4; lastKnownFileType = sourcecode.swift; name = APCImage.swift; path = Model/APCImage.swift; sourceTree = "<group>"; };
		2A5239251CFD01DC00A6A7BC /* APCSession.swift */ = {isa = PBXFileReference; fileEncoding = 4; lastKnownFileType = sourcecode.swift; name = APCSession.swift; path = Library/APCSession.swift; sourceTree = "<group>"; };
		2A60F07B1CF891AC0060F53D /* AppDelegate.swift */ = {isa = PBXFileReference; fileEncoding = 4; lastKnownFileType = sourcecode.swift; name = AppDelegate.swift; path = Application/AppDelegate.swift; sourceTree = "<group>"; };
		2A60F07C1CF891AC0060F53D /* Info.plist */ = {isa = PBXFileReference; fileEncoding = 4; lastKnownFileType = text.plist.xml; name = Info.plist; path = Application/Info.plist; sourceTree = "<group>"; };
		2A60F07F1CF891BA0060F53D /* Assets.xcassets */ = {isa = PBXFileReference; lastKnownFileType = folder.assetcatalog; name = Assets.xcassets; path = Assets/Assets.xcassets; sourceTree = "<group>"; };
		2A60F0831CF892090060F53D /* LaunchScreen.storyboard */ = {isa = PBXFileReference; fileEncoding = 4; lastKnownFileType = file.storyboard; name = LaunchScreen.storyboard; path = Views/LaunchScreen/LaunchScreen.storyboard; sourceTree = "<group>"; };
		2A72A7C11D050A3B00878A7D /* APCLabelCollectionViewCellDelegate.swift */ = {isa = PBXFileReference; fileEncoding = 4; lastKnownFileType = sourcecode.swift; name = APCLabelCollectionViewCellDelegate.swift; path = Library/Protocols/APCLabelCollectionViewCellDelegate.swift; sourceTree = "<group>"; };
		2A72A7C31D050AC500878A7D /* APCImageCollectionViewCellDelegate.swift */ = {isa = PBXFileReference; fileEncoding = 4; lastKnownFileType = sourcecode.swift; name = APCImageCollectionViewCellDelegate.swift; path = Library/Protocols/APCImageCollectionViewCellDelegate.swift; sourceTree = "<group>"; };
		2A7F2D111CF7B13500CB06F5 /* AppCreator.app */ = {isa = PBXFileReference; explicitFileType = wrapper.application; includeInIndex = 0; path = AppCreator.app; sourceTree = BUILT_PRODUCTS_DIR; };
		2A7F2D231CF7B13500CB06F5 /* AppCreator WatchKit App.app */ = {isa = PBXFileReference; explicitFileType = wrapper.application; includeInIndex = 0; path = "AppCreator WatchKit App.app"; sourceTree = BUILT_PRODUCTS_DIR; };
		2A7F2D291CF7B13500CB06F5 /* Base */ = {isa = PBXFileReference; lastKnownFileType = file.storyboard; name = Base; path = Base.lproj/Interface.storyboard; sourceTree = "<group>"; };
		2A7F2D2B1CF7B13500CB06F5 /* Assets.xcassets */ = {isa = PBXFileReference; lastKnownFileType = folder.assetcatalog; path = Assets.xcassets; sourceTree = "<group>"; };
		2A7F2D2D1CF7B13500CB06F5 /* Info.plist */ = {isa = PBXFileReference; lastKnownFileType = text.plist.xml; path = Info.plist; sourceTree = "<group>"; };
		2A7F2D321CF7B13500CB06F5 /* AppCreator WatchKit Extension.appex */ = {isa = PBXFileReference; explicitFileType = "wrapper.app-extension"; includeInIndex = 0; path = "AppCreator WatchKit Extension.appex"; sourceTree = BUILT_PRODUCTS_DIR; };
		2A8A91B31D00AB5F00913962 /* APCButtonCollectionViewCell.swift */ = {isa = PBXFileReference; fileEncoding = 4; lastKnownFileType = sourcecode.swift; name = APCButtonCollectionViewCell.swift; path = Views/InterfaceObjectListViewController/APCButtonCollectionViewCell.swift; sourceTree = "<group>"; };
		2A8A91B41D00AB5F00913962 /* APCButtonCollectionViewCell.xib */ = {isa = PBXFileReference; fileEncoding = 4; lastKnownFileType = file.xib; name = APCButtonCollectionViewCell.xib; path = Views/InterfaceObjectListViewController/APCButtonCollectionViewCell.xib; sourceTree = "<group>"; };
		2A8A91B51D00AB5F00913962 /* APCImageCollectionViewCell.swift */ = {isa = PBXFileReference; fileEncoding = 4; lastKnownFileType = sourcecode.swift; name = APCImageCollectionViewCell.swift; path = Views/InterfaceObjectListViewController/APCImageCollectionViewCell.swift; sourceTree = "<group>"; };
		2A8A91B61D00AB5F00913962 /* APCImageCollectionViewCell.xib */ = {isa = PBXFileReference; fileEncoding = 4; lastKnownFileType = file.xib; name = APCImageCollectionViewCell.xib; path = Views/InterfaceObjectListViewController/APCImageCollectionViewCell.xib; sourceTree = "<group>"; };
		2A8A91B71D00AB5F00913962 /* APCInterfaceObjectListViewController.swift */ = {isa = PBXFileReference; fileEncoding = 4; lastKnownFileType = sourcecode.swift; name = APCInterfaceObjectListViewController.swift; path = Views/InterfaceObjectListViewController/APCInterfaceObjectListViewController.swift; sourceTree = "<group>"; };
		2A8A91B81D00AB5F00913962 /* APCLabelCollectionViewCell.swift */ = {isa = PBXFileReference; fileEncoding = 4; lastKnownFileType = sourcecode.swift; name = APCLabelCollectionViewCell.swift; path = Views/InterfaceObjectListViewController/APCLabelCollectionViewCell.swift; sourceTree = "<group>"; };
		2A8A91B91D00AB5F00913962 /* APCLabelCollectionViewCell.xib */ = {isa = PBXFileReference; fileEncoding = 4; lastKnownFileType = file.xib; name = APCLabelCollectionViewCell.xib; path = Views/InterfaceObjectListViewController/APCLabelCollectionViewCell.xib; sourceTree = "<group>"; };
		2A8A91C11D00AB6A00913962 /* APCButtonViewController.swift */ = {isa = PBXFileReference; fileEncoding = 4; lastKnownFileType = sourcecode.swift; name = APCButtonViewController.swift; path = Views/InterfaceObjectsViewController/APCButtonViewController.swift; sourceTree = "<group>"; };
		2A8A91C21D00AB6A00913962 /* APCButtonViewController.xib */ = {isa = PBXFileReference; fileEncoding = 4; lastKnownFileType = file.xib; name = APCButtonViewController.xib; path = Views/InterfaceObjectsViewController/APCButtonViewController.xib; sourceTree = "<group>"; };
		2A8A91C31D00AB6A00913962 /* APCImageViewController.swift */ = {isa = PBXFileReference; fileEncoding = 4; lastKnownFileType = sourcecode.swift; name = APCImageViewController.swift; path = Views/InterfaceObjectsViewController/APCImageViewController.swift; sourceTree = "<group>"; };
		2A8A91C41D00AB6A00913962 /* APCImageViewController.xib */ = {isa = PBXFileReference; fileEncoding = 4; lastKnownFileType = file.xib; name = APCImageViewController.xib; path = Views/InterfaceObjectsViewController/APCImageViewController.xib; sourceTree = "<group>"; };
		2A8A91C51D00AB6A00913962 /* APCLabelViewController.swift */ = {isa = PBXFileReference; fileEncoding = 4; lastKnownFileType = sourcecode.swift; name = APCLabelViewController.swift; path = Views/InterfaceObjectsViewController/APCLabelViewController.swift; sourceTree = "<group>"; };
		2A8A91C61D00AB6A00913962 /* APCLabelViewController.xib */ = {isa = PBXFileReference; fileEncoding = 4; lastKnownFileType = file.xib; name = APCLabelViewController.xib; path = Views/InterfaceObjectsViewController/APCLabelViewController.xib; sourceTree = "<group>"; };
		2A8A91C71D00AB6A00913962 /* APCInterfaceObjectsViewController.swift */ = {isa = PBXFileReference; fileEncoding = 4; lastKnownFileType = sourcecode.swift; name = APCInterfaceObjectsViewController.swift; path = Views/InterfaceObjectsViewController/APCInterfaceObjectsViewController.swift; sourceTree = "<group>"; };
		2A8C4B511D047E4D000C6DF7 /* UITextView+TrimText.swift */ = {isa = PBXFileReference; fileEncoding = 4; lastKnownFileType = sourcecode.swift; name = "UITextView+TrimText.swift"; path = "Library/Extensions/UITextView+TrimText.swift"; sourceTree = "<group>"; };
		2A8DF1791CFE223B00273853 /* APCWatchAppAction.swift */ = {isa = PBXFileReference; fileEncoding = 4; lastKnownFileType = sourcecode.swift; name = APCWatchAppAction.swift; path = Library/Enumerations/APCWatchAppAction.swift; sourceTree = "<group>"; };
		2A8DF1941CFE497C00273853 /* APCScreenViewController.swift */ = {isa = PBXFileReference; fileEncoding = 4; lastKnownFileType = sourcecode.swift; name = APCScreenViewController.swift; path = Views/ScreenViewController/APCScreenViewController.swift; sourceTree = "<group>"; };
		2A8DF1961CFE510400273853 /* APCButtonViewControllerDelegate.swift */ = {isa = PBXFileReference; fileEncoding = 4; lastKnownFileType = sourcecode.swift; name = APCButtonViewControllerDelegate.swift; path = Library/Protocols/APCButtonViewControllerDelegate.swift; sourceTree = "<group>"; };
		2A8DF19A1CFF1FFD00273853 /* APCImageViewControllerDelegate.swift */ = {isa = PBXFileReference; fileEncoding = 4; lastKnownFileType = sourcecode.swift; name = APCImageViewControllerDelegate.swift; path = Library/Protocols/APCImageViewControllerDelegate.swift; sourceTree = "<group>"; };
		2A8DF19C1CFF201700273853 /* APCLabelViewControllerDelegate.swift */ = {isa = PBXFileReference; fileEncoding = 4; lastKnownFileType = sourcecode.swift; name = APCLabelViewControllerDelegate.swift; path = Library/Protocols/APCLabelViewControllerDelegate.swift; sourceTree = "<group>"; };
		2AB711271D077E9800EB3A7F /* APCScreenListStyle.swift */ = {isa = PBXFileReference; fileEncoding = 4; lastKnownFileType = sourcecode.swift; name = APCScreenListStyle.swift; path = Library/Styles/APCScreenListStyle.swift; sourceTree = "<group>"; };
		2AB711281D077E9800EB3A7F /* APCScreenListCellStyle.swift */ = {isa = PBXFileReference; fileEncoding = 4; lastKnownFileType = sourcecode.swift; name = APCScreenListCellStyle.swift; path = Library/Styles/APCScreenListCellStyle.swift; sourceTree = "<group>"; };
		2AB711291D077E9800EB3A7F /* APCLabelViewStyle.swift */ = {isa = PBXFileReference; fileEncoding = 4; lastKnownFileType = sourcecode.swift; name = APCLabelViewStyle.swift; path = Library/Styles/APCLabelViewStyle.swift; sourceTree = "<group>"; };
		2AB7112A1D077E9800EB3A7F /* APCLabelCellStyle.swift */ = {isa = PBXFileReference; fileEncoding = 4; lastKnownFileType = sourcecode.swift; name = APCLabelCellStyle.swift; path = Library/Styles/APCLabelCellStyle.swift; sourceTree = "<group>"; };
		2AB7112B1D077E9800EB3A7F /* APCInterfaceObjectListStyle.swift */ = {isa = PBXFileReference; fileEncoding = 4; lastKnownFileType = sourcecode.swift; name = APCInterfaceObjectListStyle.swift; path = Library/Styles/APCInterfaceObjectListStyle.swift; sourceTree = "<group>"; };
		2AB7112C1D077E9800EB3A7F /* APCImageCellStyle.swift */ = {isa = PBXFileReference; fileEncoding = 4; lastKnownFileType = sourcecode.swift; name = APCImageCellStyle.swift; path = Library/Styles/APCImageCellStyle.swift; sourceTree = "<group>"; };
		2AB7112D1D077E9800EB3A7F /* APCButtonCellStyle.swift */ = {isa = PBXFileReference; fileEncoding = 4; lastKnownFileType = sourcecode.swift; name = APCButtonCellStyle.swift; path = Library/Styles/APCButtonCellStyle.swift; sourceTree = "<group>"; };
		2AB711371D077F4000EB3A7F /* APCCommonStyles.swift */ = {isa = PBXFileReference; fileEncoding = 4; lastKnownFileType = sourcecode.swift; name = APCCommonStyles.swift; path = Library/Styles/APCCommonStyles.swift; sourceTree = "<group>"; };
		2AD3AF001D1F16FF00DA8BE6 /* APCMoveDirection.swift */ = {isa = PBXFileReference; fileEncoding = 4; lastKnownFileType = sourcecode.swift; name = APCMoveDirection.swift; path = Library/Enumerations/APCMoveDirection.swift; sourceTree = "<group>"; };
		2AE801381D025D8900D3C0EC /* UICollectionViewCell+AnimateSize.swift */ = {isa = PBXFileReference; fileEncoding = 4; lastKnownFileType = sourcecode.swift; name = "UICollectionViewCell+AnimateSize.swift"; path = "Library/Extensions/UICollectionViewCell+AnimateSize.swift"; sourceTree = "<group>"; };
		2AF67D5B1CFBC633002888DD /* APCInterfaceObject.swift */ = {isa = PBXFileReference; fileEncoding = 4; lastKnownFileType = sourcecode.swift; name = APCInterfaceObject.swift; path = Library/Protocols/APCInterfaceObject.swift; sourceTree = "<group>"; };
		2AFD402A1D203E9400D8E37A /* UIImage+Resize.swift */ = {isa = PBXFileReference; fileEncoding = 4; lastKnownFileType = sourcecode.swift; name = "UIImage+Resize.swift"; path = "Library/Extensions/UIImage+Resize.swift"; sourceTree = "<group>"; };
		2AFD402C1D204FDE00D8E37A /* APCConstants.swift */ = {isa = PBXFileReference; fileEncoding = 4; lastKnownFileType = sourcecode.swift; name = APCConstants.swift; path = Library/APCConstants.swift; sourceTree = "<group>"; };
		2AFD402E1D20525700D8E37A /* APCCollectionViewFlowLayout.swift */ = {isa = PBXFileReference; fileEncoding = 4; lastKnownFileType = sourcecode.swift; name = APCCollectionViewFlowLayout.swift; path = Views/ScreenListViewController/APCCollectionViewFlowLayout.swift; sourceTree = "<group>"; };
		2AFD40301D20832800D8E37A /* APCInterfaceObjectViewIndex.swift */ = {isa = PBXFileReference; fileEncoding = 4; lastKnownFileType = sourcecode.swift; name = APCInterfaceObjectViewIndex.swift; path = Library/Enumerations/APCInterfaceObjectViewIndex.swift; sourceTree = "<group>"; };
/* End PBXFileReference section */

/* Begin PBXFrameworksBuildPhase section */
		2A7F2D0E1CF7B13500CB06F5 /* Frameworks */ = {
			isa = PBXFrameworksBuildPhase;
			buildActionMask = 2147483647;
			files = (
			);
			runOnlyForDeploymentPostprocessing = 0;
		};
		2A7F2D2F1CF7B13500CB06F5 /* Frameworks */ = {
			isa = PBXFrameworksBuildPhase;
			buildActionMask = 2147483647;
			files = (
			);
			runOnlyForDeploymentPostprocessing = 0;
		};
/* End PBXFrameworksBuildPhase section */

/* Begin PBXGroup section */
		2A0828C31CF8A74A00E5CD36 /* ScreenListViewController */ = {
			isa = PBXGroup;
			children = (
				2A0828C61CF8A77900E5CD36 /* APCScreenListViewController.swift */,
				2A0828C51CF8A77900E5CD36 /* APCScreenCollectionViewCell.xib */,
				2A0828C41CF8A77900E5CD36 /* APCScreenCollectionViewCell.swift */,
				2AFD402E1D20525700D8E37A /* APCCollectionViewFlowLayout.swift */,
			);
			name = ScreenListViewController;
			sourceTree = "<group>";
		};
		2A0828D21CF8C21B00E5CD36 /* ScreenViewController */ = {
			isa = PBXGroup;
			children = (
				2A8DF1941CFE497C00273853 /* APCScreenViewController.swift */,
			);
			name = ScreenViewController;
			sourceTree = "<group>";
		};
		2A0828D81CF8EA7E00E5CD36 /* Protocols */ = {
			isa = PBXGroup;
			children = (
				2AF67D5B1CFBC633002888DD /* APCInterfaceObject.swift */,
				2A8DF1961CFE510400273853 /* APCButtonViewControllerDelegate.swift */,
				2A72A7C31D050AC500878A7D /* APCImageCollectionViewCellDelegate.swift */,
				2A8DF19A1CFF1FFD00273853 /* APCImageViewControllerDelegate.swift */,
				2A72A7C11D050A3B00878A7D /* APCLabelCollectionViewCellDelegate.swift */,
				2A8DF19C1CFF201700273853 /* APCLabelViewControllerDelegate.swift */,
			);
			name = Protocols;
			sourceTree = "<group>";
		};
		2A0F96281CFA1770002E70E6 /* InterfaceObjectListViewController */ = {
			isa = PBXGroup;
			children = (
				2A8A91B71D00AB5F00913962 /* APCInterfaceObjectListViewController.swift */,
				2A8A91B41D00AB5F00913962 /* APCButtonCollectionViewCell.xib */,
				2A8A91B31D00AB5F00913962 /* APCButtonCollectionViewCell.swift */,
				2A8A91B61D00AB5F00913962 /* APCImageCollectionViewCell.xib */,
				2A8A91B51D00AB5F00913962 /* APCImageCollectionViewCell.swift */,
				2A8A91B91D00AB5F00913962 /* APCLabelCollectionViewCell.xib */,
				2A8A91B81D00AB5F00913962 /* APCLabelCollectionViewCell.swift */,
			);
			name = InterfaceObjectListViewController;
			sourceTree = "<group>";
		};
		2A0FC8D11D221255005E96F0 /* Application */ = {
			isa = PBXGroup;
			children = (
				2A0FC8D21D221268005E96F0 /* ExtensionDelegate.swift */,
				2A0FC8D31D221268005E96F0 /* Info.plist */,
				2A0FC8D41D221268005E96F0 /* PushNotificationPayload.apns */,
			);
			name = Application;
			sourceTree = "<group>";
		};
		2A0FC8D81D22126E005E96F0 /* Views */ = {
			isa = PBXGroup;
			children = (
				2A0FC8DF1D221282005E96F0 /* APCTemplateInterfaceController.swift */,
				2A0FC8DE1D221282005E96F0 /* APCTableRowController.swift */,
				2A0FC8D91D221282005E96F0 /* APCButtonTableRowController.swift */,
				2A0FC8DA1D221282005E96F0 /* APCButtonTableRowControllerDelegate.swift */,
				2A0FC8DB1D221282005E96F0 /* APCImageTableRowController.swift */,
				2A0FC8DC1D221282005E96F0 /* APCLabelTableRowController.swift */,
				2A0FC8DD1D221282005E96F0 /* APCNotificationController.swift */,
			);
			name = Views;
			sourceTree = "<group>";
		};
		2A0FC8E71D221293005E96F0 /* Assets */ = {
			isa = PBXGroup;
			children = (
				2A0FC8E81D2212A7005E96F0 /* Assets.xcassets */,
			);
			name = Assets;
			sourceTree = "<group>";
		};
		2A60F0761CF891590060F53D /* Application */ = {
			isa = PBXGroup;
			children = (
				2A60F07B1CF891AC0060F53D /* AppDelegate.swift */,
				2A60F07C1CF891AC0060F53D /* Info.plist */,
			);
			name = Application;
			sourceTree = "<group>";
		};
		2A60F0771CF891630060F53D /* Model */ = {
			isa = PBXGroup;
			children = (
				2A0F96341CFA1EFE002E70E6 /* APCInterfaceObjectList.swift */,
				2A0F962F1CFA1DDF002E70E6 /* APCButton.swift */,
				2A3096141CFB9268006F7768 /* APCImage.swift */,
				2A3096101CFB9248006F7768 /* APCLabel.swift */,
				2A0828CE1CF8AA1100E5CD36 /* APCScreenList.swift */,
				2A0828CC1CF8A95000E5CD36 /* APCScreen.swift */,
			);
			name = Model;
			sourceTree = "<group>";
		};
		2A60F0781CF8916C0060F53D /* Views */ = {
			isa = PBXGroup;
			children = (
				2A60F0811CF891EC0060F53D /* LaunchScreen */,
				2A0828C31CF8A74A00E5CD36 /* ScreenListViewController */,
				2A0828D21CF8C21B00E5CD36 /* ScreenViewController */,
				2A0F96281CFA1770002E70E6 /* InterfaceObjectListViewController */,
				2A8DF17C1CFE3F3A00273853 /* InterfaceObjectsViewController */,
				2A0828D01CF8C20000E5CD36 /* Main.storyboard */,
			);
			name = Views;
			sourceTree = "<group>";
		};
		2A60F0791CF891730060F53D /* Library */ = {
			isa = PBXGroup;
			children = (
				2A8DF1781CFE220000273853 /* Enumerations */,
				2A0828D81CF8EA7E00E5CD36 /* Protocols */,
				2A8DF19E1CFF2EA900273853 /* Extensions */,
				2AB711261D077E3400EB3A7F /* Styles */,
				2AFD402C1D204FDE00D8E37A /* APCConstants.swift */,
				2A0FC8CE1D21EAD7005E96F0 /* APCKeyedArchiver.swift */,
				2A0FC8CC1D21EAAF005E96F0 /* APCKeyedUnarchiver.swift */,
				2A5239251CFD01DC00A6A7BC /* APCSession.swift */,
			);
			name = Library;
			sourceTree = "<group>";
		};
		2A60F07A1CF8917A0060F53D /* Assets */ = {
			isa = PBXGroup;
			children = (
				2A60F07F1CF891BA0060F53D /* Assets.xcassets */,
			);
			name = Assets;
			sourceTree = "<group>";
		};
		2A60F0811CF891EC0060F53D /* LaunchScreen */ = {
			isa = PBXGroup;
			children = (
				2A60F0831CF892090060F53D /* LaunchScreen.storyboard */,
			);
			name = LaunchScreen;
			sourceTree = "<group>";
		};
		2A7F2D081CF7B13500CB06F5 = {
			isa = PBXGroup;
			children = (
				2A7F2D131CF7B13500CB06F5 /* AppCreator */,
				2A0828D51CF8CB9000E5CD36 /* ScratchPad.playground */,
				2A7F2D271CF7B13500CB06F5 /* AppCreator WatchKit App */,
				2A7F2D361CF7B13500CB06F5 /* AppCreator WatchKit Extension */,
				2A7F2D121CF7B13500CB06F5 /* Products */,
			);
			sourceTree = "<group>";
		};
		2A7F2D121CF7B13500CB06F5 /* Products */ = {
			isa = PBXGroup;
			children = (
				2A7F2D111CF7B13500CB06F5 /* AppCreator.app */,
				2A7F2D231CF7B13500CB06F5 /* AppCreator WatchKit App.app */,
				2A7F2D321CF7B13500CB06F5 /* AppCreator WatchKit Extension.appex */,
			);
			name = Products;
			sourceTree = "<group>";
		};
		2A7F2D131CF7B13500CB06F5 /* AppCreator */ = {
			isa = PBXGroup;
			children = (
				2A60F0761CF891590060F53D /* Application */,
				2A60F0781CF8916C0060F53D /* Views */,
				2A60F0771CF891630060F53D /* Model */,
				2A60F0791CF891730060F53D /* Library */,
				2A60F07A1CF8917A0060F53D /* Assets */,
			);
			path = AppCreator;
			sourceTree = "<group>";
		};
		2A7F2D271CF7B13500CB06F5 /* AppCreator WatchKit App */ = {
			isa = PBXGroup;
			children = (
				2A7F2D281CF7B13500CB06F5 /* Interface.storyboard */,
				2A7F2D2B1CF7B13500CB06F5 /* Assets.xcassets */,
				2A7F2D2D1CF7B13500CB06F5 /* Info.plist */,
			);
			path = "AppCreator WatchKit App";
			sourceTree = "<group>";
		};
		2A7F2D361CF7B13500CB06F5 /* AppCreator WatchKit Extension */ = {
			isa = PBXGroup;
			children = (
				2A0FC8D11D221255005E96F0 /* Application */,
				2A0FC8D81D22126E005E96F0 /* Views */,
				2A0FC8E71D221293005E96F0 /* Assets */,
			);
			path = "AppCreator WatchKit Extension";
			sourceTree = "<group>";
		};
		2A8DF1781CFE220000273853 /* Enumerations */ = {
			isa = PBXGroup;
			children = (
				2AD3AF001D1F16FF00DA8BE6 /* APCMoveDirection.swift */,
				2A8DF1791CFE223B00273853 /* APCWatchAppAction.swift */,
				2AFD40301D20832800D8E37A /* APCInterfaceObjectViewIndex.swift */,
			);
			name = Enumerations;
			sourceTree = "<group>";
		};
		2A8DF17C1CFE3F3A00273853 /* InterfaceObjectsViewController */ = {
			isa = PBXGroup;
			children = (
				2A8A91C71D00AB6A00913962 /* APCInterfaceObjectsViewController.swift */,
				2A8A91C21D00AB6A00913962 /* APCButtonViewController.xib */,
				2A8A91C11D00AB6A00913962 /* APCButtonViewController.swift */,
				2A8A91C41D00AB6A00913962 /* APCImageViewController.xib */,
				2A8A91C31D00AB6A00913962 /* APCImageViewController.swift */,
				2A8A91C61D00AB6A00913962 /* APCLabelViewController.xib */,
				2A8A91C51D00AB6A00913962 /* APCLabelViewController.swift */,
			);
			name = InterfaceObjectsViewController;
			sourceTree = "<group>";
		};
		2A8DF19E1CFF2EA900273853 /* Extensions */ = {
			isa = PBXGroup;
			children = (
				2AE801381D025D8900D3C0EC /* UICollectionViewCell+AnimateSize.swift */,
				2AFD402A1D203E9400D8E37A /* UIImage+Resize.swift */,
				2A28CFAD1D03B26800F98720 /* UITextField+TrimText.swift */,
				2A8C4B511D047E4D000C6DF7 /* UITextView+TrimText.swift */,
			);
			name = Extensions;
			sourceTree = "<group>";
		};
		2AB711261D077E3400EB3A7F /* Styles */ = {
			isa = PBXGroup;
			children = (
				2AB711371D077F4000EB3A7F /* APCCommonStyles.swift */,
				2AB711271D077E9800EB3A7F /* APCScreenListStyle.swift */,
				2AB711281D077E9800EB3A7F /* APCScreenListCellStyle.swift */,
				2AB7112D1D077E9800EB3A7F /* APCButtonCellStyle.swift */,
				2AB7112C1D077E9800EB3A7F /* APCImageCellStyle.swift */,
				2AB7112A1D077E9800EB3A7F /* APCLabelCellStyle.swift */,
				2AB7112B1D077E9800EB3A7F /* APCInterfaceObjectListStyle.swift */,
				2AB711291D077E9800EB3A7F /* APCLabelViewStyle.swift */,
			);
			name = Styles;
			sourceTree = "<group>";
		};
/* End PBXGroup section */

/* Begin PBXNativeTarget section */
		2A7F2D101CF7B13500CB06F5 /* AppCreator */ = {
			isa = PBXNativeTarget;
			buildConfigurationList = 2A7F2D4C1CF7B13500CB06F5 /* Build configuration list for PBXNativeTarget "AppCreator" */;
			buildPhases = (
				2A7F2D0D1CF7B13500CB06F5 /* Sources */,
				2A7F2D0E1CF7B13500CB06F5 /* Frameworks */,
				2A7F2D0F1CF7B13500CB06F5 /* Resources */,
				2A7F2D4B1CF7B13500CB06F5 /* Embed Watch Content */,
			);
			buildRules = (
			);
			dependencies = (
				2A7F2D261CF7B13500CB06F5 /* PBXTargetDependency */,
			);
			name = AppCreator;
			productName = AppCreator;
			productReference = 2A7F2D111CF7B13500CB06F5 /* AppCreator.app */;
			productType = "com.apple.product-type.application";
		};
		2A7F2D221CF7B13500CB06F5 /* AppCreator WatchKit App */ = {
			isa = PBXNativeTarget;
			buildConfigurationList = 2A7F2D481CF7B13500CB06F5 /* Build configuration list for PBXNativeTarget "AppCreator WatchKit App" */;
			buildPhases = (
				2A7F2D211CF7B13500CB06F5 /* Resources */,
				2A7F2D471CF7B13500CB06F5 /* Embed App Extensions */,
			);
			buildRules = (
			);
			dependencies = (
				2A7F2D351CF7B13500CB06F5 /* PBXTargetDependency */,
			);
			name = "AppCreator WatchKit App";
			productName = "AppCreator WatchKit App";
			productReference = 2A7F2D231CF7B13500CB06F5 /* AppCreator WatchKit App.app */;
			productType = "com.apple.product-type.application.watchapp2";
		};
		2A7F2D311CF7B13500CB06F5 /* AppCreator WatchKit Extension */ = {
			isa = PBXNativeTarget;
			buildConfigurationList = 2A7F2D441CF7B13500CB06F5 /* Build configuration list for PBXNativeTarget "AppCreator WatchKit Extension" */;
			buildPhases = (
				2A7F2D2E1CF7B13500CB06F5 /* Sources */,
				2A7F2D2F1CF7B13500CB06F5 /* Frameworks */,
				2A7F2D301CF7B13500CB06F5 /* Resources */,
			);
			buildRules = (
			);
			dependencies = (
			);
			name = "AppCreator WatchKit Extension";
			productName = "AppCreator WatchKit Extension";
			productReference = 2A7F2D321CF7B13500CB06F5 /* AppCreator WatchKit Extension.appex */;
			productType = "com.apple.product-type.watchkit2-extension";
		};
/* End PBXNativeTarget section */

/* Begin PBXProject section */
		2A7F2D091CF7B13500CB06F5 /* Project object */ = {
			isa = PBXProject;
			attributes = {
				CLASSPREFIX = APC;
				LastSwiftUpdateCheck = 0730;
				LastUpgradeCheck = 0730;
				ORGANIZATIONNAME = "Andre Muis";
				TargetAttributes = {
					2A7F2D101CF7B13500CB06F5 = {
						CreatedOnToolsVersion = 7.3.1;
						DevelopmentTeam = LN6BM2BQ5J;
					};
					2A7F2D221CF7B13500CB06F5 = {
						CreatedOnToolsVersion = 7.3.1;
						DevelopmentTeam = LN6BM2BQ5J;
					};
					2A7F2D311CF7B13500CB06F5 = {
						CreatedOnToolsVersion = 7.3.1;
						DevelopmentTeam = LN6BM2BQ5J;
					};
				};
			};
			buildConfigurationList = 2A7F2D0C1CF7B13500CB06F5 /* Build configuration list for PBXProject "AppCreator" */;
			compatibilityVersion = "Xcode 3.2";
			developmentRegion = English;
			hasScannedForEncodings = 0;
			knownRegions = (
				en,
				Base,
			);
			mainGroup = 2A7F2D081CF7B13500CB06F5;
			productRefGroup = 2A7F2D121CF7B13500CB06F5 /* Products */;
			projectDirPath = "";
			projectRoot = "";
			targets = (
				2A7F2D101CF7B13500CB06F5 /* AppCreator */,
				2A7F2D221CF7B13500CB06F5 /* AppCreator WatchKit App */,
				2A7F2D311CF7B13500CB06F5 /* AppCreator WatchKit Extension */,
			);
		};
/* End PBXProject section */

/* Begin PBXResourcesBuildPhase section */
		2A7F2D0F1CF7B13500CB06F5 /* Resources */ = {
			isa = PBXResourcesBuildPhase;
			buildActionMask = 2147483647;
			files = (
				2A0828BC1CF8930400E5CD36 /* LaunchScreen.storyboard in Resources */,
				2A0828C91CF8A77900E5CD36 /* APCScreenCollectionViewCell.xib in Resources */,
				2A8DF1AB1CFF75DB00273853 /* Assets.xcassets in Resources */,
				2A8A91C91D00AB6A00913962 /* APCButtonViewController.xib in Resources */,
				2A8A91CD1D00AB6A00913962 /* APCLabelViewController.xib in Resources */,
				2A0828D11CF8C20000E5CD36 /* Main.storyboard in Resources */,
				2A8A91CB1D00AB6A00913962 /* APCImageViewController.xib in Resources */,
				2A8A91BB1D00AB5F00913962 /* APCButtonCollectionViewCell.xib in Resources */,
				2A8A91BD1D00AB5F00913962 /* APCImageCollectionViewCell.xib in Resources */,
				2A8A91C01D00AB5F00913962 /* APCLabelCollectionViewCell.xib in Resources */,
			);
			runOnlyForDeploymentPostprocessing = 0;
		};
		2A7F2D211CF7B13500CB06F5 /* Resources */ = {
			isa = PBXResourcesBuildPhase;
			buildActionMask = 2147483647;
			files = (
				2A7F2D2C1CF7B13500CB06F5 /* Assets.xcassets in Resources */,
				2A7F2D2A1CF7B13500CB06F5 /* Interface.storyboard in Resources */,
			);
			runOnlyForDeploymentPostprocessing = 0;
		};
		2A7F2D301CF7B13500CB06F5 /* Resources */ = {
			isa = PBXResourcesBuildPhase;
			buildActionMask = 2147483647;
			files = (
				2A0FC8E91D2212A7005E96F0 /* Assets.xcassets in Resources */,
				2A0FC8D71D221268005E96F0 /* PushNotificationPayload.apns in Resources */,
			);
			runOnlyForDeploymentPostprocessing = 0;
		};
/* End PBXResourcesBuildPhase section */

/* Begin PBXSourcesBuildPhase section */
		2A7F2D0D1CF7B13500CB06F5 /* Sources */ = {
			isa = PBXSourcesBuildPhase;
			buildActionMask = 2147483647;
			files = (
				2A60F07D1CF891AC0060F53D /* AppDelegate.swift in Sources */,
				2A3096111CFB9248006F7768 /* APCLabel.swift in Sources */,
				2AB711381D077F4000EB3A7F /* APCCommonStyles.swift in Sources */,
				2A0FC8CF1D21EAD7005E96F0 /* APCKeyedArchiver.swift in Sources */,
				2A0F96301CFA1DDF002E70E6 /* APCButton.swift in Sources */,
				2AE801391D025D8900D3C0EC /* UICollectionViewCell+AnimateSize.swift in Sources */,
				2AB7112F1D077E9800EB3A7F /* APCScreenListCellStyle.swift in Sources */,
				2A0828C81CF8A77900E5CD36 /* APCScreenCollectionViewCell.swift in Sources */,
				2AB711311D077E9800EB3A7F /* APCLabelCellStyle.swift in Sources */,
				2A72A7C21D050A3B00878A7D /* APCLabelCollectionViewCellDelegate.swift in Sources */,
				2AFD40311D20832800D8E37A /* APCInterfaceObjectViewIndex.swift in Sources */,
				2A8DF1971CFE510400273853 /* APCButtonViewControllerDelegate.swift in Sources */,
				2A8A91BA1D00AB5F00913962 /* APCButtonCollectionViewCell.swift in Sources */,
				2A72A7C41D050AC500878A7D /* APCImageCollectionViewCellDelegate.swift in Sources */,
				2A8DF17A1CFE223B00273853 /* APCWatchAppAction.swift in Sources */,
				2AD3AF011D1F16FF00DA8BE6 /* APCMoveDirection.swift in Sources */,
				2A0828CD1CF8A95000E5CD36 /* APCScreen.swift in Sources */,
				2A0FC8CD1D21EAAF005E96F0 /* APCKeyedUnarchiver.swift in Sources */,
				2AB711331D077E9800EB3A7F /* APCImageCellStyle.swift in Sources */,
				2A8C4B521D047E4D000C6DF7 /* UITextView+TrimText.swift in Sources */,
				2A8A91BE1D00AB5F00913962 /* APCInterfaceObjectListViewController.swift in Sources */,
				2AB711341D077E9800EB3A7F /* APCButtonCellStyle.swift in Sources */,
				2A8DF1951CFE497C00273853 /* APCScreenViewController.swift in Sources */,
				2A28CFAE1D03B26800F98720 /* UITextField+TrimText.swift in Sources */,
				2AFD402F1D20525700D8E37A /* APCCollectionViewFlowLayout.swift in Sources */,
				2A0828CA1CF8A77900E5CD36 /* APCScreenListViewController.swift in Sources */,
				2A0828CF1CF8AA1100E5CD36 /* APCScreenList.swift in Sources */,
				2AFD402D1D204FDE00D8E37A /* APCConstants.swift in Sources */,
				2A3096151CFB9268006F7768 /* APCImage.swift in Sources */,
				2A8A91BF1D00AB5F00913962 /* APCLabelCollectionViewCell.swift in Sources */,
				2AB7112E1D077E9800EB3A7F /* APCScreenListStyle.swift in Sources */,
				2A8A91CC1D00AB6A00913962 /* APCLabelViewController.swift in Sources */,
				2A5239261CFD01DC00A6A7BC /* APCSession.swift in Sources */,
				2A8A91C81D00AB6A00913962 /* APCButtonViewController.swift in Sources */,
				2A8DF19B1CFF1FFD00273853 /* APCImageViewControllerDelegate.swift in Sources */,
				2AB711321D077E9800EB3A7F /* APCInterfaceObjectListStyle.swift in Sources */,
				2AFD402B1D203E9400D8E37A /* UIImage+Resize.swift in Sources */,
				2A8A91CE1D00AB6A00913962 /* APCInterfaceObjectsViewController.swift in Sources */,
				2A8A91BC1D00AB5F00913962 /* APCImageCollectionViewCell.swift in Sources */,
				2A0F96351CFA1EFE002E70E6 /* APCInterfaceObjectList.swift in Sources */,
				2A8DF19D1CFF201700273853 /* APCLabelViewControllerDelegate.swift in Sources */,
				2AF67D5C1CFBC633002888DD /* APCInterfaceObject.swift in Sources */,
				2AB711301D077E9800EB3A7F /* APCLabelViewStyle.swift in Sources */,
				2A8A91CA1D00AB6A00913962 /* APCImageViewController.swift in Sources */,
			);
			runOnlyForDeploymentPostprocessing = 0;
		};
		2A7F2D2E1CF7B13500CB06F5 /* Sources */ = {
			isa = PBXSourcesBuildPhase;
			buildActionMask = 2147483647;
			files = (
				2A0FC8E21D221282005E96F0 /* APCImageTableRowController.swift in Sources */,
				2A52391E1CFCB09500A6A7BC /* APCImage.swift in Sources */,
				2A30960F1CFB60DD006F7768 /* APCScreen.swift in Sources */,
				2A0FC8E51D221282005E96F0 /* APCTableRowController.swift in Sources */,
				2A52391F1CFCB09800A6A7BC /* APCLabel.swift in Sources */,
				2A0FC8D01D21EBBD005E96F0 /* APCKeyedUnarchiver.swift in Sources */,
				2AEB26A11CFA759700B02B2C /* APCButton.swift in Sources */,
				2A0FC8D51D221268005E96F0 /* ExtensionDelegate.swift in Sources */,
				2A0FC8E61D221282005E96F0 /* APCTemplateInterfaceController.swift in Sources */,
				2AF67D5D1CFBC6D1002888DD /* APCInterfaceObject.swift in Sources */,
				2A30960E1CFB60D9006F7768 /* APCInterfaceObjectList.swift in Sources */,
				2A0FC8E41D221282005E96F0 /* APCNotificationController.swift in Sources */,
				2A0FC8E01D221282005E96F0 /* APCButtonTableRowController.swift in Sources */,
				2A0FC8E11D221282005E96F0 /* APCButtonTableRowControllerDelegate.swift in Sources */,
				2A8DF17B1CFE223B00273853 /* APCWatchAppAction.swift in Sources */,
				2A0FC8E31D221282005E96F0 /* APCLabelTableRowController.swift in Sources */,
				2AFD40321D2097BA00D8E37A /* APCConstants.swift in Sources */,
				2AB711151D05EFFB00EB3A7F /* APCScreenList.swift in Sources */,
			);
			runOnlyForDeploymentPostprocessing = 0;
		};
/* End PBXSourcesBuildPhase section */

/* Begin PBXTargetDependency section */
		2A7F2D261CF7B13500CB06F5 /* PBXTargetDependency */ = {
			isa = PBXTargetDependency;
			target = 2A7F2D221CF7B13500CB06F5 /* AppCreator WatchKit App */;
			targetProxy = 2A7F2D251CF7B13500CB06F5 /* PBXContainerItemProxy */;
		};
		2A7F2D351CF7B13500CB06F5 /* PBXTargetDependency */ = {
			isa = PBXTargetDependency;
			target = 2A7F2D311CF7B13500CB06F5 /* AppCreator WatchKit Extension */;
			targetProxy = 2A7F2D341CF7B13500CB06F5 /* PBXContainerItemProxy */;
		};
/* End PBXTargetDependency section */

/* Begin PBXVariantGroup section */
		2A7F2D281CF7B13500CB06F5 /* Interface.storyboard */ = {
			isa = PBXVariantGroup;
			children = (
				2A7F2D291CF7B13500CB06F5 /* Base */,
			);
			name = Interface.storyboard;
			sourceTree = "<group>";
		};
/* End PBXVariantGroup section */

/* Begin XCBuildConfiguration section */
		2A7F2D421CF7B13500CB06F5 /* Debug */ = {
			isa = XCBuildConfiguration;
			buildSettings = {
				ALWAYS_SEARCH_USER_PATHS = NO;
				CLANG_ANALYZER_NONNULL = YES;
				CLANG_CXX_LANGUAGE_STANDARD = "gnu++0x";
				CLANG_CXX_LIBRARY = "libc++";
				CLANG_ENABLE_MODULES = YES;
				CLANG_ENABLE_OBJC_ARC = YES;
				CLANG_WARN_BOOL_CONVERSION = YES;
				CLANG_WARN_CONSTANT_CONVERSION = YES;
				CLANG_WARN_DIRECT_OBJC_ISA_USAGE = YES_ERROR;
				CLANG_WARN_EMPTY_BODY = YES;
				CLANG_WARN_ENUM_CONVERSION = YES;
				CLANG_WARN_INT_CONVERSION = YES;
				CLANG_WARN_OBJC_ROOT_CLASS = YES_ERROR;
				CLANG_WARN_UNREACHABLE_CODE = YES;
				CLANG_WARN__DUPLICATE_METHOD_MATCH = YES;
				"CODE_SIGN_IDENTITY[sdk=iphoneos*]" = "iPhone Developer";
				COPY_PHASE_STRIP = NO;
				DEBUG_INFORMATION_FORMAT = dwarf;
				ENABLE_STRICT_OBJC_MSGSEND = YES;
				ENABLE_TESTABILITY = YES;
				GCC_C_LANGUAGE_STANDARD = gnu99;
				GCC_DYNAMIC_NO_PIC = NO;
				GCC_NO_COMMON_BLOCKS = YES;
				GCC_OPTIMIZATION_LEVEL = 0;
				GCC_PREPROCESSOR_DEFINITIONS = (
					"DEBUG=1",
					"$(inherited)",
				);
				GCC_WARN_64_TO_32_BIT_CONVERSION = YES;
				GCC_WARN_ABOUT_RETURN_TYPE = YES_ERROR;
				GCC_WARN_UNDECLARED_SELECTOR = YES;
				GCC_WARN_UNINITIALIZED_AUTOS = YES_AGGRESSIVE;
				GCC_WARN_UNUSED_FUNCTION = YES;
				GCC_WARN_UNUSED_VARIABLE = YES;
				IPHONEOS_DEPLOYMENT_TARGET = 9.0;
				MTL_ENABLE_DEBUG_INFO = YES;
				ONLY_ACTIVE_ARCH = YES;
				SDKROOT = iphoneos;
				SWIFT_OPTIMIZATION_LEVEL = "-Onone";
			};
			name = Debug;
		};
		2A7F2D431CF7B13500CB06F5 /* Release */ = {
			isa = XCBuildConfiguration;
			buildSettings = {
				ALWAYS_SEARCH_USER_PATHS = NO;
				CLANG_ANALYZER_NONNULL = YES;
				CLANG_CXX_LANGUAGE_STANDARD = "gnu++0x";
				CLANG_CXX_LIBRARY = "libc++";
				CLANG_ENABLE_MODULES = YES;
				CLANG_ENABLE_OBJC_ARC = YES;
				CLANG_WARN_BOOL_CONVERSION = YES;
				CLANG_WARN_CONSTANT_CONVERSION = YES;
				CLANG_WARN_DIRECT_OBJC_ISA_USAGE = YES_ERROR;
				CLANG_WARN_EMPTY_BODY = YES;
				CLANG_WARN_ENUM_CONVERSION = YES;
				CLANG_WARN_INT_CONVERSION = YES;
				CLANG_WARN_OBJC_ROOT_CLASS = YES_ERROR;
				CLANG_WARN_UNREACHABLE_CODE = YES;
				CLANG_WARN__DUPLICATE_METHOD_MATCH = YES;
				"CODE_SIGN_IDENTITY[sdk=iphoneos*]" = "iPhone Developer";
				COPY_PHASE_STRIP = NO;
				DEBUG_INFORMATION_FORMAT = "dwarf-with-dsym";
				ENABLE_NS_ASSERTIONS = NO;
				ENABLE_STRICT_OBJC_MSGSEND = YES;
				GCC_C_LANGUAGE_STANDARD = gnu99;
				GCC_NO_COMMON_BLOCKS = YES;
				GCC_WARN_64_TO_32_BIT_CONVERSION = YES;
				GCC_WARN_ABOUT_RETURN_TYPE = YES_ERROR;
				GCC_WARN_UNDECLARED_SELECTOR = YES;
				GCC_WARN_UNINITIALIZED_AUTOS = YES_AGGRESSIVE;
				GCC_WARN_UNUSED_FUNCTION = YES;
				GCC_WARN_UNUSED_VARIABLE = YES;
				IPHONEOS_DEPLOYMENT_TARGET = 9.0;
				MTL_ENABLE_DEBUG_INFO = NO;
				SDKROOT = iphoneos;
				VALIDATE_PRODUCT = YES;
			};
			name = Release;
		};
		2A7F2D451CF7B13500CB06F5 /* Debug */ = {
			isa = XCBuildConfiguration;
			buildSettings = {
				CODE_SIGN_IDENTITY = "iPhone Developer";
				INFOPLIST_FILE = "AppCreator WatchKit Extension/Application/Info.plist";
				LD_RUNPATH_SEARCH_PATHS = "$(inherited) @executable_path/Frameworks @executable_path/../../Frameworks";
				PRODUCT_BUNDLE_IDENTIFIER = com.AndreMuis.AppCreator.watchkitapp.watchkitextension;
				PRODUCT_NAME = "${TARGET_NAME}";
				SDKROOT = watchos;
				SKIP_INSTALL = YES;
				TARGETED_DEVICE_FAMILY = 4;
				WATCHOS_DEPLOYMENT_TARGET = 2.0;
			};
			name = Debug;
		};
		2A7F2D461CF7B13500CB06F5 /* Release */ = {
			isa = XCBuildConfiguration;
			buildSettings = {
				CODE_SIGN_IDENTITY = "iPhone Developer";
				INFOPLIST_FILE = "AppCreator WatchKit Extension/Application/Info.plist";
				LD_RUNPATH_SEARCH_PATHS = "$(inherited) @executable_path/Frameworks @executable_path/../../Frameworks";
				PRODUCT_BUNDLE_IDENTIFIER = com.AndreMuis.AppCreator.watchkitapp.watchkitextension;
				PRODUCT_NAME = "${TARGET_NAME}";
				SDKROOT = watchos;
				SKIP_INSTALL = YES;
				TARGETED_DEVICE_FAMILY = 4;
				WATCHOS_DEPLOYMENT_TARGET = 2.0;
			};
			name = Release;
		};
		2A7F2D491CF7B13500CB06F5 /* Debug */ = {
			isa = XCBuildConfiguration;
			buildSettings = {
				ASSETCATALOG_COMPILER_APPICON_NAME = AppIcon;
				CODE_SIGN_IDENTITY = "iPhone Developer";
				EMBEDDED_CONTENT_CONTAINS_SWIFT = YES;
				IBSC_MODULE = AppCreator_WatchKit_Extension;
				INFOPLIST_FILE = "AppCreator WatchKit App/Info.plist";
				PRODUCT_BUNDLE_IDENTIFIER = com.AndreMuis.AppCreator.watchkitapp;
				PRODUCT_NAME = "$(TARGET_NAME)";
				SDKROOT = watchos;
				SKIP_INSTALL = YES;
				TARGETED_DEVICE_FAMILY = 4;
				WATCHOS_DEPLOYMENT_TARGET = 2.0;
			};
			name = Debug;
		};
		2A7F2D4A1CF7B13500CB06F5 /* Release */ = {
			isa = XCBuildConfiguration;
			buildSettings = {
				ASSETCATALOG_COMPILER_APPICON_NAME = AppIcon;
				CODE_SIGN_IDENTITY = "iPhone Developer";
				EMBEDDED_CONTENT_CONTAINS_SWIFT = YES;
				IBSC_MODULE = AppCreator_WatchKit_Extension;
				INFOPLIST_FILE = "AppCreator WatchKit App/Info.plist";
				PRODUCT_BUNDLE_IDENTIFIER = com.AndreMuis.AppCreator.watchkitapp;
				PRODUCT_NAME = "$(TARGET_NAME)";
				SDKROOT = watchos;
				SKIP_INSTALL = YES;
				TARGETED_DEVICE_FAMILY = 4;
				WATCHOS_DEPLOYMENT_TARGET = 2.0;
			};
			name = Release;
		};
		2A7F2D4D1CF7B13500CB06F5 /* Debug */ = {
			isa = XCBuildConfiguration;
			buildSettings = {
				ASSETCATALOG_COMPILER_APPICON_NAME = AppIcon;
				CLANG_ENABLE_MODULES = YES;
				CODE_SIGN_IDENTITY = "iPhone Developer";
				INFOPLIST_FILE = AppCreator/Application/Info.plist;
				IPHONEOS_DEPLOYMENT_TARGET = 9.0;
				LD_RUNPATH_SEARCH_PATHS = "$(inherited) @executable_path/Frameworks";
				PRODUCT_BUNDLE_IDENTIFIER = com.AndreMuis.WatchAppCreator;
				PRODUCT_NAME = "$(TARGET_NAME)";
				SWIFT_OPTIMIZATION_LEVEL = "-Onone";
				TARGETED_DEVICE_FAMILY = 1;
			};
			name = Debug;
		};
		2A7F2D4E1CF7B13500CB06F5 /* Release */ = {
			isa = XCBuildConfiguration;
			buildSettings = {
				ASSETCATALOG_COMPILER_APPICON_NAME = AppIcon;
				CLANG_ENABLE_MODULES = YES;
				CODE_SIGN_IDENTITY = "iPhone Developer";
				INFOPLIST_FILE = AppCreator/Application/Info.plist;
				IPHONEOS_DEPLOYMENT_TARGET = 9.0;
				LD_RUNPATH_SEARCH_PATHS = "$(inherited) @executable_path/Frameworks";
				PRODUCT_BUNDLE_IDENTIFIER = com.AndreMuis.WatchAppCreator;
				PRODUCT_NAME = "$(TARGET_NAME)";
				TARGETED_DEVICE_FAMILY = 1;
			};
			name = Release;
		};
/* End XCBuildConfiguration section */

/* Begin XCConfigurationList section */
		2A7F2D0C1CF7B13500CB06F5 /* Build configuration list for PBXProject "AppCreator" */ = {
			isa = XCConfigurationList;
			buildConfigurations = (
				2A7F2D421CF7B13500CB06F5 /* Debug */,
				2A7F2D431CF7B13500CB06F5 /* Release */,
			);
			defaultConfigurationIsVisible = 0;
			defaultConfigurationName = Release;
		};
		2A7F2D441CF7B13500CB06F5 /* Build configuration list for PBXNativeTarget "AppCreator WatchKit Extension" */ = {
			isa = XCConfigurationList;
			buildConfigurations = (
				2A7F2D451CF7B13500CB06F5 /* Debug */,
				2A7F2D461CF7B13500CB06F5 /* Release */,
			);
			defaultConfigurationIsVisible = 0;
			defaultConfigurationName = Release;
		};
		2A7F2D481CF7B13500CB06F5 /* Build configuration list for PBXNativeTarget "AppCreator WatchKit App" */ = {
			isa = XCConfigurationList;
			buildConfigurations = (
				2A7F2D491CF7B13500CB06F5 /* Debug */,
				2A7F2D4A1CF7B13500CB06F5 /* Release */,
			);
			defaultConfigurationIsVisible = 0;
			defaultConfigurationName = Release;
		};
		2A7F2D4C1CF7B13500CB06F5 /* Build configuration list for PBXNativeTarget "AppCreator" */ = {
			isa = XCConfigurationList;
			buildConfigurations = (
				2A7F2D4D1CF7B13500CB06F5 /* Debug */,
				2A7F2D4E1CF7B13500CB06F5 /* Release */,
			);
			defaultConfigurationIsVisible = 0;
			defaultConfigurationName = Release;
		};
/* End XCConfigurationList section */
	};
	rootObject = 2A7F2D091CF7B13500CB06F5 /* Project object */;
}
